<?xml version="1.0" encoding="utf-8"?>
<Project ToolsVersion="4.0" xmlns="http://schemas.microsoft.com/developer/msbuild/2003">
  <ItemGroup>
    <Filter Include="internal">
      <UniqueIdentifier>{06f7b9cf-4ee2-42a2-8bd8-218e2e8060d9}</UniqueIdentifier>
    </Filter>
    <Filter Include="domain">
      <UniqueIdentifier>{9bd09bd7-2e5f-413d-91ec-de9265c8c8a1}</UniqueIdentifier>
    </Filter>
    <Filter Include="presentation">
      <UniqueIdentifier>{bbbd87d1-9c70-4788-9202-e86c6a7f8461}</UniqueIdentifier>
    </Filter>
    <Filter Include="data">
      <UniqueIdentifier>{c03571cc-4fa7-41a2-bbb5-8a5dfb828571}</UniqueIdentifier>
    </Filter>
    <Filter Include="domain\models">
      <UniqueIdentifier>{2a50f55f-caf0-4a04-b854-15b020a58463}</UniqueIdentifier>
    </Filter>
    <Filter Include="domain\usecases">
      <UniqueIdentifier>{7153aa7f-e411-43f1-8aaf-60b4a1b79fb1}</UniqueIdentifier>
    </Filter>
  </ItemGroup>
  <ItemGroup>
    <ClCompile Include="application.cpp">
      <Filter>internal</Filter>
    </ClCompile>
  </ItemGroup>
  <ItemGroup>
    <ClInclude Include="library.h">
      <Filter>internal</Filter>
    </ClInclude>
  </ItemGroup>
</Project>